// !$*UTF8*$!
{
	archiveVersion = 1;
	classes = {
	};
	objectVersion = 51;
	objects = {

/* Begin PBXBuildFile section */
		B30AFF6923BF12FF00DFD81A /* Stack.c in Sources */ = {isa = PBXBuildFile; fileRef = B30AFF6823BF12FF00DFD81A /* Stack.c */; };
		B30AFF6F23BF82F900DFD81A /* SelfStack.m in Sources */ = {isa = PBXBuildFile; fileRef = B30AFF6E23BF82F900DFD81A /* SelfStack.m */; };
		B397C18922E03474001E8D42 /* AppDelegate.m in Sources */ = {isa = PBXBuildFile; fileRef = B397C18822E03474001E8D42 /* AppDelegate.m */; };
		B397C18C22E03474001E8D42 /* ViewController.m in Sources */ = {isa = PBXBuildFile; fileRef = B397C18B22E03474001E8D42 /* ViewController.m */; };
		B397C18F22E03474001E8D42 /* Main.storyboard in Resources */ = {isa = PBXBuildFile; fileRef = B397C18D22E03474001E8D42 /* Main.storyboard */; };
		B397C19122E03476001E8D42 /* Assets.xcassets in Resources */ = {isa = PBXBuildFile; fileRef = B397C19022E03476001E8D42 /* Assets.xcassets */; };
		B397C19422E03476001E8D42 /* LaunchScreen.storyboard in Resources */ = {isa = PBXBuildFile; fileRef = B397C19222E03476001E8D42 /* LaunchScreen.storyboard */; };
		B397C19722E03476001E8D42 /* main.m in Sources */ = {isa = PBXBuildFile; fileRef = B397C19622E03476001E8D42 /* main.m */; };
		B397C1A822E5CA7A001E8D42 /* Calculate.m in Sources */ = {isa = PBXBuildFile; fileRef = B397C1A722E5CA7A001E8D42 /* Calculate.m */; };
		E72621174D822E019483A9FB /* Pods_iClCUlator_test.framework in Frameworks */ = {isa = PBXBuildFile; fileRef = FD78C7084E6B1652F474699F /* Pods_iClCUlator_test.framework */; };
/* End PBXBuildFile section */

/* Begin PBXFileReference section */
		785B04CB1B29A575D5F1A523 /* Pods-iClCUlator_test.debug.xcconfig */ = {isa = PBXFileReference; includeInIndex = 1; lastKnownFileType = text.xcconfig; name = "Pods-iClCUlator_test.debug.xcconfig"; path = "Target Support Files/Pods-iClCUlator_test/Pods-iClCUlator_test.debug.xcconfig"; sourceTree = "<group>"; };
		B30AFF6723BF12FF00DFD81A /* Stack.h */ = {isa = PBXFileReference; lastKnownFileType = sourcecode.c.h; path = Stack.h; sourceTree = "<group>"; };
		B30AFF6823BF12FF00DFD81A /* Stack.c */ = {isa = PBXFileReference; lastKnownFileType = sourcecode.c.c; path = Stack.c; sourceTree = "<group>"; };
		B30AFF6D23BF82F900DFD81A /* SelfStack.h */ = {isa = PBXFileReference; lastKnownFileType = sourcecode.c.h; path = SelfStack.h; sourceTree = "<group>"; };
		B30AFF6E23BF82F900DFD81A /* SelfStack.m */ = {isa = PBXFileReference; lastKnownFileType = sourcecode.c.objc; path = SelfStack.m; sourceTree = "<group>"; };
		B397C18422E03474001E8D42 /* iClCUlator_test.app */ = {isa = PBXFileReference; explicitFileType = wrapper.application; includeInIndex = 0; path = iClCUlator_test.app; sourceTree = BUILT_PRODUCTS_DIR; };
		B397C18722E03474001E8D42 /* AppDelegate.h */ = {isa = PBXFileReference; lastKnownFileType = sourcecode.c.h; path = AppDelegate.h; sourceTree = "<group>"; };
		B397C18822E03474001E8D42 /* AppDelegate.m */ = {isa = PBXFileReference; lastKnownFileType = sourcecode.c.objc; path = AppDelegate.m; sourceTree = "<group>"; };
		B397C18A22E03474001E8D42 /* ViewController.h */ = {isa = PBXFileReference; lastKnownFileType = sourcecode.c.h; path = ViewController.h; sourceTree = "<group>"; };
		B397C18B22E03474001E8D42 /* ViewController.m */ = {isa = PBXFileReference; lastKnownFileType = sourcecode.c.objc; path = ViewController.m; sourceTree = "<group>"; };
		B397C18E22E03474001E8D42 /* Base */ = {isa = PBXFileReference; lastKnownFileType = file.storyboard; name = Base; path = Base.lproj/Main.storyboard; sourceTree = "<group>"; };
		B397C19022E03476001E8D42 /* Assets.xcassets */ = {isa = PBXFileReference; lastKnownFileType = folder.assetcatalog; path = Assets.xcassets; sourceTree = "<group>"; };
		B397C19322E03476001E8D42 /* Base */ = {isa = PBXFileReference; lastKnownFileType = file.storyboard; name = Base; path = Base.lproj/LaunchScreen.storyboard; sourceTree = "<group>"; };
		B397C19522E03476001E8D42 /* Info.plist */ = {isa = PBXFileReference; lastKnownFileType = text.plist.xml; path = Info.plist; sourceTree = "<group>"; };
		B397C19622E03476001E8D42 /* main.m */ = {isa = PBXFileReference; lastKnownFileType = sourcecode.c.objc; path = main.m; sourceTree = "<group>"; };
		B397C1A622E5CA7A001E8D42 /* Calculate.h */ = {isa = PBXFileReference; lastKnownFileType = sourcecode.c.h; path = Calculate.h; sourceTree = "<group>"; };
		B397C1A722E5CA7A001E8D42 /* Calculate.m */ = {isa = PBXFileReference; lastKnownFileType = sourcecode.c.objc; path = Calculate.m; sourceTree = "<group>"; };
		DB64EF8B8BC7B88E251F4818 /* Pods-iClCUlator_test.release.xcconfig */ = {isa = PBXFileReference; includeInIndex = 1; lastKnownFileType = text.xcconfig; name = "Pods-iClCUlator_test.release.xcconfig"; path = "Target Support Files/Pods-iClCUlator_test/Pods-iClCUlator_test.release.xcconfig"; sourceTree = "<group>"; };
		FD78C7084E6B1652F474699F /* Pods_iClCUlator_test.framework */ = {isa = PBXFileReference; explicitFileType = wrapper.framework; includeInIndex = 0; path = Pods_iClCUlator_test.framework; sourceTree = BUILT_PRODUCTS_DIR; };
/* End PBXFileReference section */

/* Begin PBXFrameworksBuildPhase section */
		B397C18122E03474001E8D42 /* Frameworks */ = {
			isa = PBXFrameworksBuildPhase;
			buildActionMask = 2147483647;
			files = (
				E72621174D822E019483A9FB /* Pods_iClCUlator_test.framework in Frameworks */,
			);
			runOnlyForDeploymentPostprocessing = 0;
		};
/* End PBXFrameworksBuildPhase section */

/* Begin PBXGroup section */
		B397C17B22E03474001E8D42 = {
			isa = PBXGroup;
			children = (
				B397C18622E03474001E8D42 /* iClCUlator_test */,
				B397C18522E03474001E8D42 /* Products */,
				B39B6B84D0D7F18ECFD1847D /* Pods */,
				E7F45DDCFA8A7F98673B7E3D /* Frameworks */,
			);
			sourceTree = "<group>";
		};
		B397C18522E03474001E8D42 /* Products */ = {
			isa = PBXGroup;
			children = (
				B397C18422E03474001E8D42 /* iClCUlator_test.app */,
			);
			name = Products;
			sourceTree = "<group>";
		};
		B397C18622E03474001E8D42 /* iClCUlator_test */ = {
			isa = PBXGroup;
			children = (
				B397C18722E03474001E8D42 /* AppDelegate.h */,
				B397C18822E03474001E8D42 /* AppDelegate.m */,
				B397C18A22E03474001E8D42 /* ViewController.h */,
				B397C18B22E03474001E8D42 /* ViewController.m */,
				B397C1A622E5CA7A001E8D42 /* Calculate.h */,
				B397C1A722E5CA7A001E8D42 /* Calculate.m */,
				B30AFF6D23BF82F900DFD81A /* SelfStack.h */,
				B30AFF6E23BF82F900DFD81A /* SelfStack.m */,
				B30AFF6723BF12FF00DFD81A /* Stack.h */,
				B30AFF6823BF12FF00DFD81A /* Stack.c */,
				B397C18D22E03474001E8D42 /* Main.storyboard */,
				B397C19022E03476001E8D42 /* Assets.xcassets */,
				B397C19222E03476001E8D42 /* LaunchScreen.storyboard */,
				B397C19522E03476001E8D42 /* Info.plist */,
				B397C19622E03476001E8D42 /* main.m */,
			);
			path = iClCUlator_test;
			sourceTree = "<group>";
		};
		B39B6B84D0D7F18ECFD1847D /* Pods */ = {
			isa = PBXGroup;
			children = (
				785B04CB1B29A575D5F1A523 /* Pods-iClCUlator_test.debug.xcconfig */,
				DB64EF8B8BC7B88E251F4818 /* Pods-iClCUlator_test.release.xcconfig */,
			);
			path = Pods;
			sourceTree = "<group>";
		};
		E7F45DDCFA8A7F98673B7E3D /* Frameworks */ = {
			isa = PBXGroup;
			children = (
				FD78C7084E6B1652F474699F /* Pods_iClCUlator_test.framework */,
			);
			name = Frameworks;
			sourceTree = "<group>";
		};
/* End PBXGroup section */

/* Begin PBXNativeTarget section */
		B397C18322E03474001E8D42 /* iClCUlator_test */ = {
			isa = PBXNativeTarget;
			buildConfigurationList = B397C19A22E03476001E8D42 /* Build configuration list for PBXNativeTarget "iClCUlator_test" */;
			buildPhases = (
				A3C78B81DB708ED6609D9590 /* [CP] Check Pods Manifest.lock */,
				B397C18022E03474001E8D42 /* Sources */,
				B397C18122E03474001E8D42 /* Frameworks */,
				B397C18222E03474001E8D42 /* Resources */,
				BBBDAC3C9164F1E538DA7EBD /* [CP] Embed Pods Frameworks */,
			);
			buildRules = (
			);
			dependencies = (
			);
			name = iClCUlator_test;
			productName = iClCUlator_test;
			productReference = B397C18422E03474001E8D42 /* iClCUlator_test.app */;
			productType = "com.apple.product-type.application";
		};
/* End PBXNativeTarget section */

/* Begin PBXProject section */
		B397C17C22E03474001E8D42 /* Project object */ = {
			isa = PBXProject;
			attributes = {
				LastUpgradeCheck = 1020;
				ORGANIZATIONNAME = Liu_zc;
				TargetAttributes = {
					B397C18322E03474001E8D42 = {
						CreatedOnToolsVersion = 10.2.1;
					};
				};
			};
			buildConfigurationList = B397C17F22E03474001E8D42 /* Build configuration list for PBXProject "iClCUlator_test" */;
			compatibilityVersion = "Xcode 9.3";
			developmentRegion = en;
			hasScannedForEncodings = 0;
			knownRegions = (
				en,
				Base,
			);
			mainGroup = B397C17B22E03474001E8D42;
			productRefGroup = B397C18522E03474001E8D42 /* Products */;
			projectDirPath = "";
			projectRoot = "";
			targets = (
				B397C18322E03474001E8D42 /* iClCUlator_test */,
			);
		};
/* End PBXProject section */

/* Begin PBXResourcesBuildPhase section */
		B397C18222E03474001E8D42 /* Resources */ = {
			isa = PBXResourcesBuildPhase;
			buildActionMask = 2147483647;
			files = (
				B397C19422E03476001E8D42 /* LaunchScreen.storyboard in Resources */,
				B397C19122E03476001E8D42 /* Assets.xcassets in Resources */,
				B397C18F22E03474001E8D42 /* Main.storyboard in Resources */,
			);
			runOnlyForDeploymentPostprocessing = 0;
		};
/* End PBXResourcesBuildPhase section */

/* Begin PBXShellScriptBuildPhase section */
		A3C78B81DB708ED6609D9590 /* [CP] Check Pods Manifest.lock */ = {
			isa = PBXShellScriptBuildPhase;
			buildActionMask = 2147483647;
			files = (
			);
			inputFileListPaths = (
			);
			inputPaths = (
				"${PODS_PODFILE_DIR_PATH}/Podfile.lock",
				"${PODS_ROOT}/Manifest.lock",
			);
			name = "[CP] Check Pods Manifest.lock";
			outputFileListPaths = (
			);
			outputPaths = (
				"$(DERIVED_FILE_DIR)/Pods-iClCUlator_test-checkManifestLockResult.txt",
			);
			runOnlyForDeploymentPostprocessing = 0;
			shellPath = /bin/sh;
			shellScript = "diff \"${PODS_PODFILE_DIR_PATH}/Podfile.lock\" \"${PODS_ROOT}/Manifest.lock\" > /dev/null\nif [ $? != 0 ] ; then\n    # print error to STDERR\n    echo \"error: The sandbox is not in sync with the Podfile.lock. Run 'pod install' or update your CocoaPods installation.\" >&2\n    exit 1\nfi\n# This output is used by Xcode 'outputs' to avoid re-running this script phase.\necho \"SUCCESS\" > \"${SCRIPT_OUTPUT_FILE_0}\"\n";
			showEnvVarsInLog = 0;
		};
		BBBDAC3C9164F1E538DA7EBD /* [CP] Embed Pods Frameworks */ = {
			isa = PBXShellScriptBuildPhase;
			buildActionMask = 2147483647;
			files = (
			);
			inputFileListPaths = (
				"${PODS_ROOT}/Target Support Files/Pods-iClCUlator_test/Pods-iClCUlator_test-frameworks-${CONFIGURATION}-input-files.xcfilelist",
			);
			name = "[CP] Embed Pods Frameworks";
			outputFileListPaths = (
				"${PODS_ROOT}/Target Support Files/Pods-iClCUlator_test/Pods-iClCUlator_test-frameworks-${CONFIGURATION}-output-files.xcfilelist",
			);
			runOnlyForDeploymentPostprocessing = 0;
			shellPath = /bin/sh;
			shellScript = "\"${PODS_ROOT}/Target Support Files/Pods-iClCUlator_test/Pods-iClCUlator_test-frameworks.sh\"\n";
			showEnvVarsInLog = 0;
		};
/* End PBXShellScriptBuildPhase section */

/* Begin PBXSourcesBuildPhase section */
		B397C18022E03474001E8D42 /* Sources */ = {
			isa = PBXSourcesBuildPhase;
			buildActionMask = 2147483647;
			files = (
				B397C18C22E03474001E8D42 /* ViewController.m in Sources */,
				B397C19722E03476001E8D42 /* main.m in Sources */,
				B30AFF6F23BF82F900DFD81A /* SelfStack.m in Sources */,
				B397C18922E03474001E8D42 /* AppDelegate.m in Sources */,
				B30AFF6923BF12FF00DFD81A /* Stack.c in Sources */,
				B397C1A822E5CA7A001E8D42 /* Calculate.m in Sources */,
			);
			runOnlyForDeploymentPostprocessing = 0;
		};
/* End PBXSourcesBuildPhase section */

/* Begin PBXVariantGroup section */
		B397C18D22E03474001E8D42 /* Main.storyboard */ = {
			isa = PBXVariantGroup;
			children = (
				B397C18E22E03474001E8D42 /* Base */,
			);
			name = Main.storyboard;
			sourceTree = "<group>";
		};
		B397C19222E03476001E8D42 /* LaunchScreen.storyboard */ = {
			isa = PBXVariantGroup;
			children = (
				B397C19322E03476001E8D42 /* Base */,
			);
			name = LaunchScreen.storyboard;
			sourceTree = "<group>";
		};
/* End PBXVariantGroup section */

/* Begin XCBuildConfiguration section */
		B397C19822E03476001E8D42 /* Debug */ = {
			isa = XCBuildConfiguration;
			buildSettings = {
				ALWAYS_SEARCH_USER_PATHS = NO;
				CLANG_ANALYZER_NONNULL = YES;
				CLANG_ANALYZER_NUMBER_OBJECT_CONVERSION = YES_AGGRESSIVE;
				CLANG_CXX_LANGUAGE_STANDARD = "gnu++14";
				CLANG_CXX_LIBRARY = "libc++";
				CLANG_ENABLE_MODULES = YES;
				CLANG_ENABLE_OBJC_ARC = YES;
				CLANG_ENABLE_OBJC_WEAK = YES;
				CLANG_WARN_BLOCK_CAPTURE_AUTORELEASING = YES;
				CLANG_WARN_BOOL_CONVERSION = YES;
				CLANG_WARN_COMMA = YES;
				CLANG_WARN_CONSTANT_CONVERSION = YES;
				CLANG_WARN_DEPRECATED_OBJC_IMPLEMENTATIONS = YES;
				CLANG_WARN_DIRECT_OBJC_ISA_USAGE = YES_ERROR;
				CLANG_WARN_DOCUMENTATION_COMMENTS = YES;
				CLANG_WARN_EMPTY_BODY = YES;
				CLANG_WARN_ENUM_CONVERSION = YES;
				CLANG_WARN_INFINITE_RECURSION = YES;
				CLANG_WARN_INT_CONVERSION = YES;
				CLANG_WARN_NON_LITERAL_NULL_CONVERSION = YES;
				CLANG_WARN_OBJC_IMPLICIT_RETAIN_SELF = YES;
				CLANG_WARN_OBJC_LITERAL_CONVERSION = YES;
				CLANG_WARN_OBJC_ROOT_CLASS = YES_ERROR;
				CLANG_WARN_RANGE_LOOP_ANALYSIS = YES;
				CLANG_WARN_STRICT_PROTOTYPES = YES;
				CLANG_WARN_SUSPICIOUS_MOVE = YES;
				CLANG_WARN_UNGUARDED_AVAILABILITY = YES_AGGRESSIVE;
				CLANG_WARN_UNREACHABLE_CODE = YES;
				CLANG_WARN__DUPLICATE_METHOD_MATCH = YES;
				CODE_SIGN_IDENTITY = "iPhone Developer";
				COPY_PHASE_STRIP = NO;
				DEBUG_INFORMATION_FORMAT = dwarf;
				ENABLE_STRICT_OBJC_MSGSEND = YES;
				ENABLE_TESTABILITY = YES;
				GCC_C_LANGUAGE_STANDARD = gnu11;
				GCC_DYNAMIC_NO_PIC = NO;
				GCC_NO_COMMON_BLOCKS = YES;
				GCC_OPTIMIZATION_LEVEL = 0;
				GCC_PREPROCESSOR_DEFINITIONS = (
					"DEBUG=1",
					"$(inherited)",
				);
				GCC_WARN_64_TO_32_BIT_CONVERSION = YES;
				GCC_WARN_ABOUT_RETURN_TYPE = YES_ERROR;
				GCC_WARN_UNDECLARED_SELECTOR = YES;
				GCC_WARN_UNINITIALIZED_AUTOS = YES_AGGRESSIVE;
				GCC_WARN_UNUSED_FUNCTION = YES;
				GCC_WARN_UNUSED_VARIABLE = YES;
				IPHONEOS_DEPLOYMENT_TARGET = 12.2;
				MTL_ENABLE_DEBUG_INFO = INCLUDE_SOURCE;
				MTL_FAST_MATH = YES;
				ONLY_ACTIVE_ARCH = YES;
				SDKROOT = iphoneos;
			};
			name = Debug;
		};
		B397C19922E03476001E8D42 /* Release */ = {
			isa = XCBuildConfiguration;
			buildSettings = {
				ALWAYS_SEARCH_USER_PATHS = NO;
				CLANG_ANALYZER_NONNULL = YES;
				CLANG_ANALYZER_NUMBER_OBJECT_CONVERSION = YES_AGGRESSIVE;
				CLANG_CXX_LANGUAGE_STANDARD = "gnu++14";
				CLANG_CXX_LIBRARY = "libc++";
				CLANG_ENABLE_MODULES = YES;
				CLANG_ENABLE_OBJC_ARC = YES;
				CLANG_ENABLE_OBJC_WEAK = YES;
				CLANG_WARN_BLOCK_CAPTURE_AUTORELEASING = YES;
				CLANG_WARN_BOOL_CONVERSION = YES;
				CLANG_WARN_COMMA = YES;
				CLANG_WARN_CONSTANT_CONVERSION = YES;
				CLANG_WARN_DEPRECATED_OBJC_IMPLEMENTATIONS = YES;
				CLANG_WARN_DIRECT_OBJC_ISA_USAGE = YES_ERROR;
				CLANG_WARN_DOCUMENTATION_COMMENTS = YES;
				CLANG_WARN_EMPTY_BODY = YES;
				CLANG_WARN_ENUM_CONVERSION = YES;
				CLANG_WARN_INFINITE_RECURSION = YES;
				CLANG_WARN_INT_CONVERSION = YES;
				CLANG_WARN_NON_LITERAL_NULL_CONVERSION = YES;
				CLANG_WARN_OBJC_IMPLICIT_RETAIN_SELF = YES;
				CLANG_WARN_OBJC_LITERAL_CONVERSION = YES;
				CLANG_WARN_OBJC_ROOT_CLASS = YES_ERROR;
				CLANG_WARN_RANGE_LOOP_ANALYSIS = YES;
				CLANG_WARN_STRICT_PROTOTYPES = YES;
				CLANG_WARN_SUSPICIOUS_MOVE = YES;
				CLANG_WARN_UNGUARDED_AVAILABILITY = YES_AGGRESSIVE;
				CLANG_WARN_UNREACHABLE_CODE = YES;
				CLANG_WARN__DUPLICATE_METHOD_MATCH = YES;
				CODE_SIGN_IDENTITY = "iPhone Developer";
				COPY_PHASE_STRIP = NO;
				DEBUG_INFORMATION_FORMAT = "dwarf-with-dsym";
				ENABLE_NS_ASSERTIONS = NO;
				ENABLE_STRICT_OBJC_MSGSEND = YES;
				GCC_C_LANGUAGE_STANDARD = gnu11;
				GCC_NO_COMMON_BLOCKS = YES;
				GCC_WARN_64_TO_32_BIT_CONVERSION = YES;
				GCC_WARN_ABOUT_RETURN_TYPE = YES_ERROR;
				GCC_WARN_UNDECLARED_SELECTOR = YES;
				GCC_WARN_UNINITIALIZED_AUTOS = YES_AGGRESSIVE;
				GCC_WARN_UNUSED_FUNCTION = YES;
				GCC_WARN_UNUSED_VARIABLE = YES;
				IPHONEOS_DEPLOYMENT_TARGET = 12.2;
				MTL_ENABLE_DEBUG_INFO = NO;
				MTL_FAST_MATH = YES;
				SDKROOT = iphoneos;
				VALIDATE_PRODUCT = YES;
			};
			name = Release;
		};
		B397C19B22E03476001E8D42 /* Debug */ = {
			isa = XCBuildConfiguration;
			baseConfigurationReference = 785B04CB1B29A575D5F1A523 /* Pods-iClCUlator_test.debug.xcconfig */;
			buildSettings = {
				ASSETCATALOG_COMPILER_APPICON_NAME = AppIcon;
				CODE_SIGN_STYLE = Automatic;
				INFOPLIST_FILE = iClCUlator_test/Info.plist;
				LD_RUNPATH_SEARCH_PATHS = (
					"$(inherited)",
					"@executable_path/Frameworks",
				);
				PRODUCT_BUNDLE_IDENTIFIER = "com.Liu-zc.iClCUlator-test";
				PRODUCT_NAME = "$(TARGET_NAME)";
				TARGETED_DEVICE_FAMILY = "1,2";
			};
			name = Debug;
		};
		B397C19C22E03476001E8D42 /* Release */ = {
			isa = XCBuildConfiguration;
			baseConfigurationReference = DB64EF8B8BC7B88E251F4818 /* Pods-iClCUlator_test.release.xcconfig */;
			buildSettings = {
				ASSETCATALOG_COMPILER_APPICON_NAME = AppIcon;
				CODE_SIGN_STYLE = Automatic;
				INFOPLIST_FILE = iClCUlator_test/Info.plist;
				LD_RUNPATH_SEARCH_PATHS = (
					"$(inherited)",
					"@executable_path/Frameworks",
				);
				PRODUCT_BUNDLE_IDENTIFIER = "com.Liu-zc.iClCUlator-test";
				PRODUCT_NAME = "$(TARGET_NAME)";
				TARGETED_DEVICE_FAMILY = "1,2";
			};
			name = Release;
		};
/* End XCBuildConfiguration section */

/* Begin XCConfigurationList section */
		B397C17F22E03474001E8D42 /* Build configuration list for PBXProject "iClCUlator_test" */ = {
			isa = XCConfigurationList;
			buildConfigurations = (
				B397C19822E03476001E8D42 /* Debug */,
				B397C19922E03476001E8D42 /* Release */,
			);
			defaultConfigurationIsVisible = 0;
			defaultConfigurationName = Release;
		};
		B397C19A22E03476001E8D42 /* Build configuration list for PBXNativeTarget "iClCUlator_test" */ = {
			isa = XCConfigurationList;
			buildConfigurations = (
				B397C19B22E03476001E8D42 /* Debug */,
				B397C19C22E03476001E8D42 /* Release */,
			);
			defaultConfigurationIsVisible = 0;
			defaultConfigurationName = Release;
		};
/* End XCConfigurationList section */
	};
	rootObject = B397C17C22E03474001E8D42 /* Project object */;
}
